
Microsoft Visual Studio Solution File, Format Version 12.00
# Visual Studio Version 16
VisualStudioVersion = 16.0.29306.81
MinimumVisualStudioVersion = 15.0.26124.0
Project("{2150E333-8FDC-42A3-9474-1A3956D46DE8}") = "src", "src", "{B9F6A3AA-886D-47FA-99A4-4AEA3FD4DF2A}"
EndProject
Project("{2150E333-8FDC-42A3-9474-1A3956D46DE8}") = "test", "test", "{A39FF10A-3B80-4CDF-AED0-728A3A56EB82}"
EndProject
Project("{2150E333-8FDC-42A3-9474-1A3956D46DE8}") = "Abstractions", "Abstractions", "{0697A948-9D81-4B8A-93C5-FC66E7874464}"
EndProject
Project("{FAE04EC0-301F-11D3-BF4B-00C04F79EFBC}") = "Swagger.PCon.Data.Abstractions", "src\Swagger.PCon.Data.Abstractions\Swagger.PCon.Data.Abstractions.csproj", "{BA77CEFD-2DA7-41FA-B2D3-B2381B11DE3E}"
EndProject
Project("{FAE04EC0-301F-11D3-BF4B-00C04F79EFBC}") = "Swagger.PCon.Abstractions.Common", "src\Swagger.PCon.Abstractions.Common\Swagger.PCon.Abstractions.Common.csproj", "{3D7FCFFF-8711-4C05-B6C5-D21AF5C86218}"
EndProject
Project("{FAE04EC0-301F-11D3-BF4B-00C04F79EFBC}") = "Swagger.PCon.Data", "src\Swagger.PCon.Data\Swagger.PCon.Data.csproj", "{F689D045-CE07-488B-8247-BB59FD41A2A3}"
EndProject
Project("{FAE04EC0-301F-11D3-BF4B-00C04F79EFBC}") = "Swagger.PCon.Domain", "src\Swagger.PCon.Domain\Swagger.PCon.Domain.csproj", "{3791C4B5-FBC9-478C-A89C-6902FA1FE5ED}"
EndProject
Project("{FAE04EC0-301F-11D3-BF4B-00C04F79EFBC}") = "Swagger.PCon.Dtos", "src\Swagger.PCon.Dtos\Swagger.PCon.Dtos.csproj", "{9D7BFBC3-7E35-462A-83B3-3CA1B4C10F97}"
EndProject
Project("{FAE04EC0-301F-11D3-BF4B-00C04F79EFBC}") = "Swagger.PCon.Api", "src\Swagger.PCon.Api\Swagger.PCon.Api.csproj", "{F24C6A59-C399-4CF0-9170-E48A71475949}"
EndProject
Global
	GlobalSection(SolutionConfigurationPlatforms) = preSolution
		Debug|Any CPU = Debug|Any CPU
		Debug|x64 = Debug|x64
		Debug|x86 = Debug|x86
		Release|Any CPU = Release|Any CPU
		Release|x64 = Release|x64
		Release|x86 = Release|x86
	EndGlobalSection
	GlobalSection(ProjectConfigurationPlatforms) = postSolution
		{BA77CEFD-2DA7-41FA-B2D3-B2381B11DE3E}.Debug|Any CPU.ActiveCfg = Debug|Any CPU
		{BA77CEFD-2DA7-41FA-B2D3-B2381B11DE3E}.Debug|Any CPU.Build.0 = Debug|Any CPU
		{BA77CEFD-2DA7-41FA-B2D3-B2381B11DE3E}.Debug|x64.ActiveCfg = Debug|Any CPU
		{BA77CEFD-2DA7-41FA-B2D3-B2381B11DE3E}.Debug|x64.Build.0 = Debug|Any CPU
		{BA77CEFD-2DA7-41FA-B2D3-B2381B11DE3E}.Debug|x86.ActiveCfg = Debug|Any CPU
		{BA77CEFD-2DA7-41FA-B2D3-B2381B11DE3E}.Debug|x86.Build.0 = Debug|Any CPU
		{BA77CEFD-2DA7-41FA-B2D3-B2381B11DE3E}.Release|Any CPU.ActiveCfg = Release|Any CPU
		{BA77CEFD-2DA7-41FA-B2D3-B2381B11DE3E}.Release|Any CPU.Build.0 = Release|Any CPU
		{BA77CEFD-2DA7-41FA-B2D3-B2381B11DE3E}.Release|x64.ActiveCfg = Release|Any CPU
		{BA77CEFD-2DA7-41FA-B2D3-B2381B11DE3E}.Release|x64.Build.0 = Release|Any CPU
		{BA77CEFD-2DA7-41FA-B2D3-B2381B11DE3E}.Release|x86.ActiveCfg = Release|Any CPU
		{BA77CEFD-2DA7-41FA-B2D3-B2381B11DE3E}.Release|x86.Build.0 = Release|Any CPU
		{3D7FCFFF-8711-4C05-B6C5-D21AF5C86218}.Debug|Any CPU.ActiveCfg = Debug|Any CPU
		{3D7FCFFF-8711-4C05-B6C5-D21AF5C86218}.Debug|Any CPU.Build.0 = Debug|Any CPU
		{3D7FCFFF-8711-4C05-B6C5-D21AF5C86218}.Debug|x64.ActiveCfg = Debug|Any CPU
		{3D7FCFFF-8711-4C05-B6C5-D21AF5C86218}.Debug|x64.Build.0 = Debug|Any CPU
		{3D7FCFFF-8711-4C05-B6C5-D21AF5C86218}.Debug|x86.ActiveCfg = Debug|Any CPU
		{3D7FCFFF-8711-4C05-B6C5-D21AF5C86218}.Debug|x86.Build.0 = Debug|Any CPU
		{3D7FCFFF-8711-4C05-B6C5-D21AF5C86218}.Release|Any CPU.ActiveCfg = Release|Any CPU
		{3D7FCFFF-8711-4C05-B6C5-D21AF5C86218}.Release|Any CPU.Build.0 = Release|Any CPU
		{3D7FCFFF-8711-4C05-B6C5-D21AF5C86218}.Release|x64.ActiveCfg = Release|Any CPU
		{3D7FCFFF-8711-4C05-B6C5-D21AF5C86218}.Release|x64.Build.0 = Release|Any CPU
		{3D7FCFFF-8711-4C05-B6C5-D21AF5C86218}.Release|x86.ActiveCfg = Release|Any CPU
		{3D7FCFFF-8711-4C05-B6C5-D21AF5C86218}.Release|x86.Build.0 = Release|Any CPU
		{F689D045-CE07-488B-8247-BB59FD41A2A3}.Debug|Any CPU.ActiveCfg = Debug|Any CPU
		{F689D045-CE07-488B-8247-BB59FD41A2A3}.Debug|Any CPU.Build.0 = Debug|Any CPU
		{F689D045-CE07-488B-8247-BB59FD41A2A3}.Debug|x64.ActiveCfg = Debug|Any CPU
		{F689D045-CE07-488B-8247-BB59FD41A2A3}.Debug|x64.Build.0 = Debug|Any CPU
		{F689D045-CE07-488B-8247-BB59FD41A2A3}.Debug|x86.ActiveCfg = Debug|Any CPU
		{F689D045-CE07-488B-8247-BB59FD41A2A3}.Debug|x86.Build.0 = Debug|Any CPU
		{F689D045-CE07-488B-8247-BB59FD41A2A3}.Release|Any CPU.ActiveCfg = Release|Any CPU
		{F689D045-CE07-488B-8247-BB59FD41A2A3}.Release|Any CPU.Build.0 = Release|Any CPU
		{F689D045-CE07-488B-8247-BB59FD41A2A3}.Release|x64.ActiveCfg = Release|Any CPU
		{F689D045-CE07-488B-8247-BB59FD41A2A3}.Release|x64.Build.0 = Release|Any CPU
		{F689D045-CE07-488B-8247-BB59FD41A2A3}.Release|x86.ActiveCfg = Release|Any CPU
		{F689D045-CE07-488B-8247-BB59FD41A2A3}.Release|x86.Build.0 = Release|Any CPU
		{3791C4B5-FBC9-478C-A89C-6902FA1FE5ED}.Debug|Any CPU.ActiveCfg = Debug|Any CPU
		{3791C4B5-FBC9-478C-A89C-6902FA1FE5ED}.Debug|Any CPU.Build.0 = Debug|Any CPU
		{3791C4B5-FBC9-478C-A89C-6902FA1FE5ED}.Debug|x64.ActiveCfg = Debug|Any CPU
		{3791C4B5-FBC9-478C-A89C-6902FA1FE5ED}.Debug|x64.Build.0 = Debug|Any CPU
		{3791C4B5-FBC9-478C-A89C-6902FA1FE5ED}.Debug|x86.ActiveCfg = Debug|Any CPU
		{3791C4B5-FBC9-478C-A89C-6902FA1FE5ED}.Debug|x86.Build.0 = Debug|Any CPU
		{3791C4B5-FBC9-478C-A89C-6902FA1FE5ED}.Release|Any CPU.ActiveCfg = Release|Any CPU
		{3791C4B5-FBC9-478C-A89C-6902FA1FE5ED}.Release|Any CPU.Build.0 = Release|Any CPU
		{3791C4B5-FBC9-478C-A89C-6902FA1FE5ED}.Release|x64.ActiveCfg = Release|Any CPU
		{3791C4B5-FBC9-478C-A89C-6902FA1FE5ED}.Release|x64.Build.0 = Release|Any CPU
		{3791C4B5-FBC9-478C-A89C-6902FA1FE5ED}.Release|x86.ActiveCfg = Release|Any CPU
		{3791C4B5-FBC9-478C-A89C-6902FA1FE5ED}.Release|x86.Build.0 = Release|Any CPU
		{9D7BFBC3-7E35-462A-83B3-3CA1B4C10F97}.Debug|Any CPU.ActiveCfg = Debug|Any CPU
		{9D7BFBC3-7E35-462A-83B3-3CA1B4C10F97}.Debug|Any CPU.Build.0 = Debug|Any CPU
		{9D7BFBC3-7E35-462A-83B3-3CA1B4C10F97}.Debug|x64.ActiveCfg = Debug|Any CPU
		{9D7BFBC3-7E35-462A-83B3-3CA1B4C10F97}.Debug|x64.Build.0 = Debug|Any CPU
		{9D7BFBC3-7E35-462A-83B3-3CA1B4C10F97}.Debug|x86.ActiveCfg = Debug|Any CPU
		{9D7BFBC3-7E35-462A-83B3-3CA1B4C10F97}.Debug|x86.Build.0 = Debug|Any CPU
		{9D7BFBC3-7E35-462A-83B3-3CA1B4C10F97}.Release|Any CPU.ActiveCfg = Release|Any CPU
		{9D7BFBC3-7E35-462A-83B3-3CA1B4C10F97}.Release|Any CPU.Build.0 = Release|Any CPU
		{9D7BFBC3-7E35-462A-83B3-3CA1B4C10F97}.Release|x64.ActiveCfg = Release|Any CPU
		{9D7BFBC3-7E35-462A-83B3-3CA1B4C10F97}.Release|x64.Build.0 = Release|Any CPU
		{9D7BFBC3-7E35-462A-83B3-3CA1B4C10F97}.Release|x86.ActiveCfg = Release|Any CPU
		{9D7BFBC3-7E35-462A-83B3-3CA1B4C10F97}.Release|x86.Build.0 = Release|Any CPU
		{F24C6A59-C399-4CF0-9170-E48A71475949}.Debug|Any CPU.ActiveCfg = Debug|Any CPU
		{F24C6A59-C399-4CF0-9170-E48A71475949}.Debug|Any CPU.Build.0 = Debug|Any CPU
		{F24C6A59-C399-4CF0-9170-E48A71475949}.Debug|x64.ActiveCfg = Debug|Any CPU
		{F24C6A59-C399-4CF0-9170-E48A71475949}.Debug|x64.Build.0 = Debug|Any CPU
		{F24C6A59-C399-4CF0-9170-E48A71475949}.Debug|x86.ActiveCfg = Debug|Any CPU
		{F24C6A59-C399-4CF0-9170-E48A71475949}.Debug|x86.Build.0 = Debug|Any CPU
		{F24C6A59-C399-4CF0-9170-E48A71475949}.Release|Any CPU.ActiveCfg = Release|Any CPU
		{F24C6A59-C399-4CF0-9170-E48A71475949}.Release|Any CPU.Build.0 = Release|Any CPU
		{F24C6A59-C399-4CF0-9170-E48A71475949}.Release|x64.ActiveCfg = Release|Any CPU
		{F24C6A59-C399-4CF0-9170-E48A71475949}.Release|x64.Build.0 = Release|Any CPU
		{F24C6A59-C399-4CF0-9170-E48A71475949}.Release|x86.ActiveCfg = Release|Any CPU
		{F24C6A59-C399-4CF0-9170-E48A71475949}.Release|x86.Build.0 = Release|Any CPU
	EndGlobalSection
	GlobalSection(SolutionProperties) = preSolution
		HideSolutionNode = FALSE
	EndGlobalSection
	GlobalSection(NestedProjects) = preSolution
		{0697A948-9D81-4B8A-93C5-FC66E7874464} = {B9F6A3AA-886D-47FA-99A4-4AEA3FD4DF2A}
		{BA77CEFD-2DA7-41FA-B2D3-B2381B11DE3E} = {0697A948-9D81-4B8A-93C5-FC66E7874464}
		{3D7FCFFF-8711-4C05-B6C5-D21AF5C86218} = {0697A948-9D81-4B8A-93C5-FC66E7874464}
		{F689D045-CE07-488B-8247-BB59FD41A2A3} = {B9F6A3AA-886D-47FA-99A4-4AEA3FD4DF2A}
		{3791C4B5-FBC9-478C-A89C-6902FA1FE5ED} = {B9F6A3AA-886D-47FA-99A4-4AEA3FD4DF2A}
		{9D7BFBC3-7E35-462A-83B3-3CA1B4C10F97} = {B9F6A3AA-886D-47FA-99A4-4AEA3FD4DF2A}
		{F24C6A59-C399-4CF0-9170-E48A71475949} = {B9F6A3AA-886D-47FA-99A4-4AEA3FD4DF2A}
	EndGlobalSection
	GlobalSection(ExtensibilityGlobals) = postSolution
		SolutionGuid = {ED9AF4AE-8DA2-4D49-9273-F6FE40928D70}
	EndGlobalSection
EndGlobal
